
Microsoft Visual Studio Solution File, Format Version 11.00
# Visual Studio 2010
Project("{FAE04EC0-301F-11D3-BF4B-00C04F79EFBC}") = "ConnectFourLibrary", "ConnectFourLibrary.csproj", "{DDD214CB-4024-5B97-C156-9325ED5D7DBD}"
EndProject
Project("{FAE04EC0-301F-11D3-BF4B-00C04F79EFBC}") = "UnitTests", "UnitTests.csproj", "{678D3CED-29A2-925F-C015-3BFA5BBE96D2}"
EndProject
Global
	GlobalSection(SolutionConfigurationPlatforms) = preSolution
		Debug|Any CPU = Debug|Any CPU
		Release|Any CPU = Release|Any CPU
	EndGlobalSection
	GlobalSection(ProjectConfigurationPlatforms) = postSolution
		{DDD214CB-4024-5B97-C156-9325ED5D7DBD}.Debug|Any CPU.ActiveCfg = Debug|Any CPU
		{DDD214CB-4024-5B97-C156-9325ED5D7DBD}.Debug|Any CPU.Build.0 = Debug|Any CPU
		{DDD214CB-4024-5B97-C156-9325ED5D7DBD}.Release|Any CPU.ActiveCfg = Release|Any CPU
		{DDD214CB-4024-5B97-C156-9325ED5D7DBD}.Release|Any CPU.Build.0 = Release|Any CPU
		{678D3CED-29A2-925F-C015-3BFA5BBE96D2}.Debug|Any CPU.ActiveCfg = Debug|Any CPU
		{678D3CED-29A2-925F-C015-3BFA5BBE96D2}.Debug|Any CPU.Build.0 = Debug|Any CPU
		{678D3CED-29A2-925F-C015-3BFA5BBE96D2}.Release|Any CPU.ActiveCfg = Release|Any CPU
		{678D3CED-29A2-925F-C015-3BFA5BBE96D2}.Release|Any CPU.Build.0 = Release|Any CPU
	EndGlobalSection
	GlobalSection(SolutionProperties) = preSolution
		HideSolutionNode = FALSE
	EndGlobalSection
	GlobalSection(MonoDevelopProperties) = preSolution
		StartupItem = Assembly-CSharp.csproj
	EndGlobalSection
EndGlobal
